
Microsoft Visual Studio Solution File, Format Version 12.00
# Visual Studio Version 17
VisualStudioVersion = 17.7.34221.43
MinimumVisualStudioVersion = 10.0.40219.1
Project("{9A19103F-16F7-4668-BE54-9A1E7A4F7556}") = "SGCodeChallenge", "SGCodeChallenge\SGCodeChallenge.csproj", "{B418A899-F0FD-4900-85E0-377D3BD3740B}"
EndProject
Project("{FAE04EC0-301F-11D3-BF4B-00C04F79EFBC}") = "Core", "Core\Core.csproj", "{5C64E6EF-BD6C-4996-B208-1FC6EFA6C449}"
EndProject
Global
	GlobalSection(SolutionConfigurationPlatforms) = preSolution
		Debug|Any CPU = Debug|Any CPU
		Release|Any CPU = Release|Any CPU
	EndGlobalSection
	GlobalSection(ProjectConfigurationPlatforms) = postSolution
		{B418A899-F0FD-4900-85E0-377D3BD3740B}.Debug|Any CPU.ActiveCfg = Debug|Any CPU
		{B418A899-F0FD-4900-85E0-377D3BD3740B}.Debug|Any CPU.Build.0 = Debug|Any CPU
		{B418A899-F0FD-4900-85E0-377D3BD3740B}.Release|Any CPU.ActiveCfg = Release|Any CPU
		{B418A899-F0FD-4900-85E0-377D3BD3740B}.Release|Any CPU.Build.0 = Release|Any CPU
		{5C64E6EF-BD6C-4996-B208-1FC6EFA6C449}.Debug|Any CPU.ActiveCfg = Debug|Any CPU
		{5C64E6EF-BD6C-4996-B208-1FC6EFA6C449}.Debug|Any CPU.Build.0 = Debug|Any CPU
		{5C64E6EF-BD6C-4996-B208-1FC6EFA6C449}.Release|Any CPU.ActiveCfg = Release|Any CPU
		{5C64E6EF-BD6C-4996-B208-1FC6EFA6C449}.Release|Any CPU.Build.0 = Release|Any CPU
	EndGlobalSection
	GlobalSection(SolutionProperties) = preSolution
		HideSolutionNode = FALSE
	EndGlobalSection
	GlobalSection(ExtensibilityGlobals) = postSolution
		SolutionGuid = {DDC1BEE2-D2B7-4033-819B-BC8F75AB801C}
	EndGlobalSection
EndGlobal
